// !$*UTF8*$!
{
	archiveVersion = 1;
	classes = {
	};
	objectVersion = 46;
	objects = {

/* Begin PBXBuildFile section */
		20954C6316A8DF6F003D9C39 /* zoom.png in Resources */ = {isa = PBXBuildFile; fileRef = 20954C6216A8DF6F003D9C39 /* zoom.png */; };
		20954C6616A8E2DB003D9C39 /* menu.png in Resources */ = {isa = PBXBuildFile; fileRef = 20954C6516A8E2DB003D9C39 /* menu.png */; };
		20954C6816A8E47F003D9C39 /* camera.png in Resources */ = {isa = PBXBuildFile; fileRef = 20954C6716A8E47F003D9C39 /* camera.png */; };
		20954C6A16A8E5AC003D9C39 /* rec.png in Resources */ = {isa = PBXBuildFile; fileRef = 20954C6916A8E5AC003D9C39 /* rec.png */; };
		20954C6C16A8E9B1003D9C39 /* brigthness_add.png in Resources */ = {isa = PBXBuildFile; fileRef = 20954C6B16A8E9B1003D9C39 /* brigthness_add.png */; };
		20954C6E16A8EA4C003D9C39 /* brigthness_down.png in Resources */ = {isa = PBXBuildFile; fileRef = 20954C6D16A8EA4C003D9C39 /* brigthness_down.png */; };
		20954C7016A8EAB0003D9C39 /* play_back.png in Resources */ = {isa = PBXBuildFile; fileRef = 20954C6F16A8EAB0003D9C39 /* play_back.png */; };
		20954C7216A8EAF4003D9C39 /* screen_lock.png in Resources */ = {isa = PBXBuildFile; fileRef = 20954C7116A8EAF4003D9C39 /* screen_lock.png */; };
		20C9D8AB16AE349C00D39021 /* Img_IPCamera_GreenBG.png in Resources */ = {isa = PBXBuildFile; fileRef = 20C9D8AA16AE349C00D39021 /* Img_IPCamera_GreenBG.png */; };
		20D0B0E416A7C558000D06C7 /* UIKit.framework in Frameworks */ = {isa = PBXBuildFile; fileRef = 20D0B0E316A7C558000D06C7 /* UIKit.framework */; };
		20D0B0E616A7C558000D06C7 /* Foundation.framework in Frameworks */ = {isa = PBXBuildFile; fileRef = 20D0B0E516A7C558000D06C7 /* Foundation.framework */; };
		20D0B0E816A7C558000D06C7 /* CoreGraphics.framework in Frameworks */ = {isa = PBXBuildFile; fileRef = 20D0B0E716A7C558000D06C7 /* CoreGraphics.framework */; };
		20D0B0EE16A7C558000D06C7 /* InfoPlist.strings in Resources */ = {isa = PBXBuildFile; fileRef = 20D0B0EC16A7C558000D06C7 /* InfoPlist.strings */; };
		20D0B0F016A7C558000D06C7 /* main.m in Sources */ = {isa = PBXBuildFile; fileRef = 20D0B0EF16A7C558000D06C7 /* main.m */; };
		20D0B0F416A7C558000D06C7 /* AppDelegate.m in Sources */ = {isa = PBXBuildFile; fileRef = 20D0B0F316A7C558000D06C7 /* AppDelegate.m */; };
		20D0B0F616A7C558000D06C7 /* Default.png in Resources */ = {isa = PBXBuildFile; fileRef = 20D0B0F516A7C558000D06C7 /* Default.png */; };
		20D0B0F816A7C558000D06C7 /* Default@2x.png in Resources */ = {isa = PBXBuildFile; fileRef = 20D0B0F716A7C558000D06C7 /* Default@2x.png */; };
		20D0B0FA16A7C558000D06C7 /* Default-568h@2x.png in Resources */ = {isa = PBXBuildFile; fileRef = 20D0B0F916A7C558000D06C7 /* Default-568h@2x.png */; };
		20D0B0FD16A7C558000D06C7 /* MainStoryboard.storyboard in Resources */ = {isa = PBXBuildFile; fileRef = 20D0B0FB16A7C558000D06C7 /* MainStoryboard.storyboard */; };
		20D0B10016A7C558000D06C7 /* ViewController.m in Sources */ = {isa = PBXBuildFile; fileRef = 20D0B0FF16A7C558000D06C7 /* ViewController.m */; };
		20D0B10816A7C558000D06C7 /* SenTestingKit.framework in Frameworks */ = {isa = PBXBuildFile; fileRef = 20D0B10716A7C558000D06C7 /* SenTestingKit.framework */; };
		20D0B10916A7C558000D06C7 /* UIKit.framework in Frameworks */ = {isa = PBXBuildFile; fileRef = 20D0B0E316A7C558000D06C7 /* UIKit.framework */; };
		20D0B10A16A7C558000D06C7 /* Foundation.framework in Frameworks */ = {isa = PBXBuildFile; fileRef = 20D0B0E516A7C558000D06C7 /* Foundation.framework */; };
		20D0B11216A7C558000D06C7 /* InfoPlist.strings in Resources */ = {isa = PBXBuildFile; fileRef = 20D0B11016A7C558000D06C7 /* InfoPlist.strings */; };
		20D0B11516A7C558000D06C7 /* streamingVideoTests.m in Sources */ = {isa = PBXBuildFile; fileRef = 20D0B11416A7C558000D06C7 /* streamingVideoTests.m */; };
		20D974BD16AF866400B1F400 /* NewHomeMenuVideoModeViewController.m in Sources */ = {isa = PBXBuildFile; fileRef = 20D974BB16AF866400B1F400 /* NewHomeMenuVideoModeViewController.m */; };
		20D974BE16AF866400B1F400 /* NewHomeMenuVideoModeViewController.xib in Resources */ = {isa = PBXBuildFile; fileRef = 20D974BC16AF866400B1F400 /* NewHomeMenuVideoModeViewController.xib */; };
		20F4E27916AE62C10077CE31 /* WiFiSettingViewController.m in Sources */ = {isa = PBXBuildFile; fileRef = 20F4E27716AE62C10077CE31 /* WiFiSettingViewController.m */; };
		20F4E27A16AE62C10077CE31 /* WiFiSettingViewController.xib in Resources */ = {isa = PBXBuildFile; fileRef = 20F4E27816AE62C10077CE31 /* WiFiSettingViewController.xib */; };
		20F4E28516AE6DD80077CE31 /* TheUpBtn.png in Resources */ = {isa = PBXBuildFile; fileRef = 20F4E28416AE6DD80077CE31 /* TheUpBtn.png */; };
		20F4E28816AE6DEE0077CE31 /* TheOKBtn.png in Resources */ = {isa = PBXBuildFile; fileRef = 20F4E28716AE6DEE0077CE31 /* TheOKBtn.png */; };
		20F4E28A16AE6E0A0077CE31 /* TheDownBtn.png in Resources */ = {isa = PBXBuildFile; fileRef = 20F4E28916AE6E0A0077CE31 /* TheDownBtn.png */; };
		20F4E2A216AEA3900077CE31 /* HomeMenuVideoSettingViewController.m in Sources */ = {isa = PBXBuildFile; fileRef = 20F4E2A016AEA3900077CE31 /* HomeMenuVideoSettingViewController.m */; };
		20F4E2A316AEA3900077CE31 /* HomeMenuVideoSettingViewController.xib in Resources */ = {isa = PBXBuildFile; fileRef = 20F4E2A116AEA3900077CE31 /* HomeMenuVideoSettingViewController.xib */; };
		20F4E2B416AEB8540077CE31 /* HomeMenuVideoModeViewController.m in Sources */ = {isa = PBXBuildFile; fileRef = 20F4E2B216AEB8540077CE31 /* HomeMenuVideoModeViewController.m */; };
		20F4E2B516AEB8540077CE31 /* HomeMenuVideoModeViewController.xib in Resources */ = {isa = PBXBuildFile; fileRef = 20F4E2B316AEB8540077CE31 /* HomeMenuVideoModeViewController.xib */; };
		CB1FF74D16AE1D34007EF958 /* 1024x768_iOS-Background.png in Resources */ = {isa = PBXBuildFile; fileRef = CB1FF74C16AE1D34007EF958 /* 1024x768_iOS-Background.png */; };
		CB1FF75016AE1D51007EF958 /* iOS-Background.png in Resources */ = {isa = PBXBuildFile; fileRef = CB1FF74F16AE1D51007EF958 /* iOS-Background.png */; };
		CB1FF75216AE1D5D007EF958 /* Img_IPCamera.png in Resources */ = {isa = PBXBuildFile; fileRef = CB1FF75116AE1D5D007EF958 /* Img_IPCamera.png */; };
		CB1FF75416AE1D6C007EF958 /* TheBrightnessDownBtn.png in Resources */ = {isa = PBXBuildFile; fileRef = CB1FF75316AE1D6C007EF958 /* TheBrightnessDownBtn.png */; };
		CB1FF75616AE1D73007EF958 /* TheBrightnessUpBtn.png in Resources */ = {isa = PBXBuildFile; fileRef = CB1FF75516AE1D73007EF958 /* TheBrightnessUpBtn.png */; };
		CB1FF75816AE1D7A007EF958 /* TheCameraBtn-Normal.png in Resources */ = {isa = PBXBuildFile; fileRef = CB1FF75716AE1D7A007EF958 /* TheCameraBtn-Normal.png */; };
		CB1FF75A16AE1D81007EF958 /* TheLockBtn.png in Resources */ = {isa = PBXBuildFile; fileRef = CB1FF75916AE1D81007EF958 /* TheLockBtn.png */; };
		CB1FF75C16AE1D8C007EF958 /* TheMenuBtn.png in Resources */ = {isa = PBXBuildFile; fileRef = CB1FF75B16AE1D8C007EF958 /* TheMenuBtn.png */; };
		CB1FF75E16AE1D93007EF958 /* ThePlayBackBtn.png in Resources */ = {isa = PBXBuildFile; fileRef = CB1FF75D16AE1D93007EF958 /* ThePlayBackBtn.png */; };
		CB1FF76016AE1D9B007EF958 /* TheRecordBtn.png in Resources */ = {isa = PBXBuildFile; fileRef = CB1FF75F16AE1D9B007EF958 /* TheRecordBtn.png */; };
		CB1FF76216AE1DA3007EF958 /* TheReturnBtn.png in Resources */ = {isa = PBXBuildFile; fileRef = CB1FF76116AE1DA3007EF958 /* TheReturnBtn.png */; };
		CB2BC96D16AA8A80008DA0F9 /* wifi_logo.png in Resources */ = {isa = PBXBuildFile; fileRef = CB2BC96C16AA8A80008DA0F9 /* wifi_logo.png */; };
		CBE4D30416AC30C3001B3927 /* MenuViewController.m in Sources */ = {isa = PBXBuildFile; fileRef = CBE4D30216AC30C3001B3927 /* MenuViewController.m */; };
		CBE4D30516AC30C3001B3927 /* MenuViewController.xib in Resources */ = {isa = PBXBuildFile; fileRef = CBE4D30316AC30C3001B3927 /* MenuViewController.xib */; };
		CBE4D30816AC381E001B3927 /* bk2menuBtn.png in Resources */ = {isa = PBXBuildFile; fileRef = CBE4D30716AC381E001B3927 /* bk2menuBtn.png */; };
/* End PBXBuildFile section */

/* Begin PBXContainerItemProxy section */
		20D0B10B16A7C558000D06C7 /* PBXContainerItemProxy */ = {
			isa = PBXContainerItemProxy;
			containerPortal = 20D0B0D616A7C558000D06C7 /* Project object */;
			proxyType = 1;
			remoteGlobalIDString = 20D0B0DE16A7C558000D06C7;
			remoteInfo = streamingVideo;
		};
/* End PBXContainerItemProxy section */

/* Begin PBXFileReference section */
		20954C6216A8DF6F003D9C39 /* zoom.png */ = {isa = PBXFileReference; lastKnownFileType = image.png; path = zoom.png; sourceTree = "<group>"; };
		20954C6516A8E2DB003D9C39 /* menu.png */ = {isa = PBXFileReference; lastKnownFileType = image.png; path = menu.png; sourceTree = "<group>"; };
		20954C6716A8E47F003D9C39 /* camera.png */ = {isa = PBXFileReference; lastKnownFileType = image.png; path = camera.png; sourceTree = "<group>"; };
		20954C6916A8E5AC003D9C39 /* rec.png */ = {isa = PBXFileReference; lastKnownFileType = image.png; path = rec.png; sourceTree = "<group>"; };
		20954C6B16A8E9B1003D9C39 /* brigthness_add.png */ = {isa = PBXFileReference; lastKnownFileType = image.png; path = brigthness_add.png; sourceTree = "<group>"; };
		20954C6D16A8EA4C003D9C39 /* brigthness_down.png */ = {isa = PBXFileReference; lastKnownFileType = image.png; path = brigthness_down.png; sourceTree = "<group>"; };
		20954C6F16A8EAB0003D9C39 /* play_back.png */ = {isa = PBXFileReference; lastKnownFileType = image.png; path = play_back.png; sourceTree = "<group>"; };
		20954C7116A8EAF4003D9C39 /* screen_lock.png */ = {isa = PBXFileReference; lastKnownFileType = image.png; path = screen_lock.png; sourceTree = "<group>"; };
		20C9D8AA16AE349C00D39021 /* Img_IPCamera_GreenBG.png */ = {isa = PBXFileReference; lastKnownFileType = image.png; path = Img_IPCamera_GreenBG.png; sourceTree = "<group>"; };
		20D0B0DF16A7C558000D06C7 /* streamingVideo.app */ = {isa = PBXFileReference; explicitFileType = wrapper.application; includeInIndex = 0; path = streamingVideo.app; sourceTree = BUILT_PRODUCTS_DIR; };
		20D0B0E316A7C558000D06C7 /* UIKit.framework */ = {isa = PBXFileReference; lastKnownFileType = wrapper.framework; name = UIKit.framework; path = System/Library/Frameworks/UIKit.framework; sourceTree = SDKROOT; };
		20D0B0E516A7C558000D06C7 /* Foundation.framework */ = {isa = PBXFileReference; lastKnownFileType = wrapper.framework; name = Foundation.framework; path = System/Library/Frameworks/Foundation.framework; sourceTree = SDKROOT; };
		20D0B0E716A7C558000D06C7 /* CoreGraphics.framework */ = {isa = PBXFileReference; lastKnownFileType = wrapper.framework; name = CoreGraphics.framework; path = System/Library/Frameworks/CoreGraphics.framework; sourceTree = SDKROOT; };
		20D0B0EB16A7C558000D06C7 /* streamingVideo-Info.plist */ = {isa = PBXFileReference; lastKnownFileType = text.plist.xml; path = "streamingVideo-Info.plist"; sourceTree = "<group>"; };
		20D0B0ED16A7C558000D06C7 /* en */ = {isa = PBXFileReference; lastKnownFileType = text.plist.strings; name = en; path = en.lproj/InfoPlist.strings; sourceTree = "<group>"; };
		20D0B0EF16A7C558000D06C7 /* main.m */ = {isa = PBXFileReference; lastKnownFileType = sourcecode.c.objc; path = main.m; sourceTree = "<group>"; };
		20D0B0F116A7C558000D06C7 /* streamingVideo-Prefix.pch */ = {isa = PBXFileReference; lastKnownFileType = sourcecode.c.h; path = "streamingVideo-Prefix.pch"; sourceTree = "<group>"; };
		20D0B0F216A7C558000D06C7 /* AppDelegate.h */ = {isa = PBXFileReference; lastKnownFileType = sourcecode.c.h; path = AppDelegate.h; sourceTree = "<group>"; };
		20D0B0F316A7C558000D06C7 /* AppDelegate.m */ = {isa = PBXFileReference; lastKnownFileType = sourcecode.c.objc; path = AppDelegate.m; sourceTree = "<group>"; };
		20D0B0F516A7C558000D06C7 /* Default.png */ = {isa = PBXFileReference; lastKnownFileType = image.png; path = Default.png; sourceTree = "<group>"; };
		20D0B0F716A7C558000D06C7 /* Default@2x.png */ = {isa = PBXFileReference; lastKnownFileType = image.png; path = "Default@2x.png"; sourceTree = "<group>"; };
		20D0B0F916A7C558000D06C7 /* Default-568h@2x.png */ = {isa = PBXFileReference; lastKnownFileType = image.png; path = "Default-568h@2x.png"; sourceTree = "<group>"; };
		20D0B0FC16A7C558000D06C7 /* en */ = {isa = PBXFileReference; lastKnownFileType = file.storyboard; name = en; path = en.lproj/MainStoryboard.storyboard; sourceTree = "<group>"; };
		20D0B0FE16A7C558000D06C7 /* ViewController.h */ = {isa = PBXFileReference; lastKnownFileType = sourcecode.c.h; path = ViewController.h; sourceTree = "<group>"; };
		20D0B0FF16A7C558000D06C7 /* ViewController.m */ = {isa = PBXFileReference; lastKnownFileType = sourcecode.c.objc; path = ViewController.m; sourceTree = "<group>"; };
		20D0B10616A7C558000D06C7 /* streamingVideoTests.octest */ = {isa = PBXFileReference; explicitFileType = wrapper.cfbundle; includeInIndex = 0; path = streamingVideoTests.octest; sourceTree = BUILT_PRODUCTS_DIR; };
		20D0B10716A7C558000D06C7 /* SenTestingKit.framework */ = {isa = PBXFileReference; lastKnownFileType = wrapper.framework; name = SenTestingKit.framework; path = Library/Frameworks/SenTestingKit.framework; sourceTree = DEVELOPER_DIR; };
		20D0B10F16A7C558000D06C7 /* streamingVideoTests-Info.plist */ = {isa = PBXFileReference; lastKnownFileType = text.plist.xml; path = "streamingVideoTests-Info.plist"; sourceTree = "<group>"; };
		20D0B11116A7C558000D06C7 /* en */ = {isa = PBXFileReference; lastKnownFileType = text.plist.strings; name = en; path = en.lproj/InfoPlist.strings; sourceTree = "<group>"; };
		20D0B11316A7C558000D06C7 /* streamingVideoTests.h */ = {isa = PBXFileReference; lastKnownFileType = sourcecode.c.h; path = streamingVideoTests.h; sourceTree = "<group>"; };
		20D0B11416A7C558000D06C7 /* streamingVideoTests.m */ = {isa = PBXFileReference; lastKnownFileType = sourcecode.c.objc; path = streamingVideoTests.m; sourceTree = "<group>"; };
		20D974BA16AF866400B1F400 /* NewHomeMenuVideoModeViewController.h */ = {isa = PBXFileReference; fileEncoding = 4; lastKnownFileType = sourcecode.c.h; path = NewHomeMenuVideoModeViewController.h; sourceTree = "<group>"; };
		20D974BB16AF866400B1F400 /* NewHomeMenuVideoModeViewController.m */ = {isa = PBXFileReference; fileEncoding = 4; lastKnownFileType = sourcecode.c.objc; path = NewHomeMenuVideoModeViewController.m; sourceTree = "<group>"; };
		20D974BC16AF866400B1F400 /* NewHomeMenuVideoModeViewController.xib */ = {isa = PBXFileReference; fileEncoding = 4; lastKnownFileType = file.xib; path = NewHomeMenuVideoModeViewController.xib; sourceTree = "<group>"; };
		20F4E27616AE62C10077CE31 /* WiFiSettingViewController.h */ = {isa = PBXFileReference; fileEncoding = 4; lastKnownFileType = sourcecode.c.h; path = WiFiSettingViewController.h; sourceTree = "<group>"; };
		20F4E27716AE62C10077CE31 /* WiFiSettingViewController.m */ = {isa = PBXFileReference; fileEncoding = 4; lastKnownFileType = sourcecode.c.objc; path = WiFiSettingViewController.m; sourceTree = "<group>"; };
		20F4E27816AE62C10077CE31 /* WiFiSettingViewController.xib */ = {isa = PBXFileReference; fileEncoding = 4; lastKnownFileType = file.xib; path = WiFiSettingViewController.xib; sourceTree = "<group>"; };
		20F4E28416AE6DD80077CE31 /* TheUpBtn.png */ = {isa = PBXFileReference; lastKnownFileType = image.png; path = TheUpBtn.png; sourceTree = "<group>"; };
		20F4E28716AE6DEE0077CE31 /* TheOKBtn.png */ = {isa = PBXFileReference; lastKnownFileType = image.png; path = TheOKBtn.png; sourceTree = "<group>"; };
		20F4E28916AE6E0A0077CE31 /* TheDownBtn.png */ = {isa = PBXFileReference; lastKnownFileType = image.png; path = TheDownBtn.png; sourceTree = "<group>"; };
		20F4E29F16AEA3900077CE31 /* HomeMenuVideoSettingViewController.h */ = {isa = PBXFileReference; fileEncoding = 4; lastKnownFileType = sourcecode.c.h; path = HomeMenuVideoSettingViewController.h; sourceTree = "<group>"; };
		20F4E2A016AEA3900077CE31 /* HomeMenuVideoSettingViewController.m */ = {isa = PBXFileReference; fileEncoding = 4; lastKnownFileType = sourcecode.c.objc; path = HomeMenuVideoSettingViewController.m; sourceTree = "<group>"; };
		20F4E2A116AEA3900077CE31 /* HomeMenuVideoSettingViewController.xib */ = {isa = PBXFileReference; fileEncoding = 4; lastKnownFileType = file.xib; path = HomeMenuVideoSettingViewController.xib; sourceTree = "<group>"; };
		20F4E2B116AEB8540077CE31 /* HomeMenuVideoModeViewController.h */ = {isa = PBXFileReference; fileEncoding = 4; lastKnownFileType = sourcecode.c.h; path = HomeMenuVideoModeViewController.h; sourceTree = "<group>"; };
		20F4E2B216AEB8540077CE31 /* HomeMenuVideoModeViewController.m */ = {isa = PBXFileReference; fileEncoding = 4; lastKnownFileType = sourcecode.c.objc; path = HomeMenuVideoModeViewController.m; sourceTree = "<group>"; };
		20F4E2B316AEB8540077CE31 /* HomeMenuVideoModeViewController.xib */ = {isa = PBXFileReference; fileEncoding = 4; lastKnownFileType = file.xib; path = HomeMenuVideoModeViewController.xib; sourceTree = "<group>"; };
		CB1FF74C16AE1D34007EF958 /* 1024x768_iOS-Background.png */ = {isa = PBXFileReference; lastKnownFileType = image.png; path = "1024x768_iOS-Background.png"; sourceTree = "<group>"; };
		CB1FF74F16AE1D51007EF958 /* iOS-Background.png */ = {isa = PBXFileReference; lastKnownFileType = image.png; path = "iOS-Background.png"; sourceTree = "<group>"; };
		CB1FF75116AE1D5D007EF958 /* Img_IPCamera.png */ = {isa = PBXFileReference; lastKnownFileType = image.png; path = Img_IPCamera.png; sourceTree = "<group>"; };
		CB1FF75316AE1D6C007EF958 /* TheBrightnessDownBtn.png */ = {isa = PBXFileReference; lastKnownFileType = image.png; path = TheBrightnessDownBtn.png; sourceTree = "<group>"; };
		CB1FF75516AE1D73007EF958 /* TheBrightnessUpBtn.png */ = {isa = PBXFileReference; lastKnownFileType = image.png; path = TheBrightnessUpBtn.png; sourceTree = "<group>"; };
		CB1FF75716AE1D7A007EF958 /* TheCameraBtn-Normal.png */ = {isa = PBXFileReference; lastKnownFileType = image.png; path = "TheCameraBtn-Normal.png"; sourceTree = "<group>"; };
		CB1FF75916AE1D81007EF958 /* TheLockBtn.png */ = {isa = PBXFileReference; lastKnownFileType = image.png; path = TheLockBtn.png; sourceTree = "<group>"; };
		CB1FF75B16AE1D8C007EF958 /* TheMenuBtn.png */ = {isa = PBXFileReference; lastKnownFileType = image.png; path = TheMenuBtn.png; sourceTree = "<group>"; };
		CB1FF75D16AE1D93007EF958 /* ThePlayBackBtn.png */ = {isa = PBXFileReference; lastKnownFileType = image.png; path = ThePlayBackBtn.png; sourceTree = "<group>"; };
		CB1FF75F16AE1D9B007EF958 /* TheRecordBtn.png */ = {isa = PBXFileReference; lastKnownFileType = image.png; path = TheRecordBtn.png; sourceTree = "<group>"; };
		CB1FF76116AE1DA3007EF958 /* TheReturnBtn.png */ = {isa = PBXFileReference; lastKnownFileType = image.png; path = TheReturnBtn.png; sourceTree = "<group>"; };
		CB2BC96C16AA8A80008DA0F9 /* wifi_logo.png */ = {isa = PBXFileReference; lastKnownFileType = image.png; path = wifi_logo.png; sourceTree = "<group>"; };
		CBE4D30116AC30C3001B3927 /* MenuViewController.h */ = {isa = PBXFileReference; fileEncoding = 4; lastKnownFileType = sourcecode.c.h; path = MenuViewController.h; sourceTree = "<group>"; };
		CBE4D30216AC30C3001B3927 /* MenuViewController.m */ = {isa = PBXFileReference; fileEncoding = 4; lastKnownFileType = sourcecode.c.objc; path = MenuViewController.m; sourceTree = "<group>"; };
		CBE4D30316AC30C3001B3927 /* MenuViewController.xib */ = {isa = PBXFileReference; fileEncoding = 4; lastKnownFileType = file.xib; path = MenuViewController.xib; sourceTree = "<group>"; };
		CBE4D30716AC381E001B3927 /* bk2menuBtn.png */ = {isa = PBXFileReference; lastKnownFileType = image.png; path = bk2menuBtn.png; sourceTree = "<group>"; };
/* End PBXFileReference section */

/* Begin PBXFrameworksBuildPhase section */
		20D0B0DC16A7C558000D06C7 /* Frameworks */ = {
			isa = PBXFrameworksBuildPhase;
			buildActionMask = 2147483647;
			files = (
				20D0B0E416A7C558000D06C7 /* UIKit.framework in Frameworks */,
				20D0B0E616A7C558000D06C7 /* Foundation.framework in Frameworks */,
				20D0B0E816A7C558000D06C7 /* CoreGraphics.framework in Frameworks */,
			);
			runOnlyForDeploymentPostprocessing = 0;
		};
		20D0B10216A7C558000D06C7 /* Frameworks */ = {
			isa = PBXFrameworksBuildPhase;
			buildActionMask = 2147483647;
			files = (
				20D0B10816A7C558000D06C7 /* SenTestingKit.framework in Frameworks */,
				20D0B10916A7C558000D06C7 /* UIKit.framework in Frameworks */,
				20D0B10A16A7C558000D06C7 /* Foundation.framework in Frameworks */,
			);
			runOnlyForDeploymentPostprocessing = 0;
		};
/* End PBXFrameworksBuildPhase section */

/* Begin PBXGroup section */
		20D0B0D416A7C558000D06C7 = {
			isa = PBXGroup;
			children = (
				20D0B0E916A7C558000D06C7 /* streamingVideo */,
				20D0B10D16A7C558000D06C7 /* streamingVideoTests */,
				20D0B0E216A7C558000D06C7 /* Frameworks */,
				20D0B0E016A7C558000D06C7 /* Products */,
			);
			sourceTree = "<group>";
		};
		20D0B0E016A7C558000D06C7 /* Products */ = {
			isa = PBXGroup;
			children = (
				20D0B0DF16A7C558000D06C7 /* streamingVideo.app */,
				20D0B10616A7C558000D06C7 /* streamingVideoTests.octest */,
			);
			name = Products;
			sourceTree = "<group>";
		};
		20D0B0E216A7C558000D06C7 /* Frameworks */ = {
			isa = PBXGroup;
			children = (
				20D0B0E316A7C558000D06C7 /* UIKit.framework */,
				20D0B0E516A7C558000D06C7 /* Foundation.framework */,
				20D0B0E716A7C558000D06C7 /* CoreGraphics.framework */,
				20D0B10716A7C558000D06C7 /* SenTestingKit.framework */,
			);
			name = Frameworks;
			sourceTree = "<group>";
		};
		20D0B0E916A7C558000D06C7 /* streamingVideo */ = {
			isa = PBXGroup;
			children = (
				20D0B0F216A7C558000D06C7 /* AppDelegate.h */,
				20D0B0F316A7C558000D06C7 /* AppDelegate.m */,
				20D0B0FB16A7C558000D06C7 /* MainStoryboard.storyboard */,
				20D0B0FE16A7C558000D06C7 /* ViewController.h */,
				CBE4D30116AC30C3001B3927 /* MenuViewController.h */,
				20F4E27616AE62C10077CE31 /* WiFiSettingViewController.h */,
				20F4E27716AE62C10077CE31 /* WiFiSettingViewController.m */,
				20F4E2B116AEB8540077CE31 /* HomeMenuVideoModeViewController.h */,
				20D974BA16AF866400B1F400 /* NewHomeMenuVideoModeViewController.h */,
				20D974BB16AF866400B1F400 /* NewHomeMenuVideoModeViewController.m */,
				20D974BC16AF866400B1F400 /* NewHomeMenuVideoModeViewController.xib */,
				20F4E2B216AEB8540077CE31 /* HomeMenuVideoModeViewController.m */,
				20F4E2B316AEB8540077CE31 /* HomeMenuVideoModeViewController.xib */,
				20F4E29F16AEA3900077CE31 /* HomeMenuVideoSettingViewController.h */,
				20F4E2A016AEA3900077CE31 /* HomeMenuVideoSettingViewController.m */,
				20F4E2A116AEA3900077CE31 /* HomeMenuVideoSettingViewController.xib */,
				20F4E27816AE62C10077CE31 /* WiFiSettingViewController.xib */,
				CBE4D30216AC30C3001B3927 /* MenuViewController.m */,
				CBE4D30316AC30C3001B3927 /* MenuViewController.xib */,
				20D0B0FF16A7C558000D06C7 /* ViewController.m */,
				20D0B0EA16A7C558000D06C7 /* Supporting Files */,
			);
			path = streamingVideo;
			sourceTree = "<group>";
		};
		20D0B0EA16A7C558000D06C7 /* Supporting Files */ = {
			isa = PBXGroup;
			children = (
				20C9D8AA16AE349C00D39021 /* Img_IPCamera_GreenBG.png */,
				20F4E28716AE6DEE0077CE31 /* TheOKBtn.png */,
				20F4E28416AE6DD80077CE31 /* TheUpBtn.png */,
				20954C6D16A8EA4C003D9C39 /* brigthness_down.png */,
				20F4E28916AE6E0A0077CE31 /* TheDownBtn.png */,
				CBE4D30716AC381E001B3927 /* bk2menuBtn.png */,
				20954C6B16A8E9B1003D9C39 /* brigthness_add.png */,
				CB1FF75316AE1D6C007EF958 /* TheBrightnessDownBtn.png */,
				CB2BC96C16AA8A80008DA0F9 /* wifi_logo.png */,
				CB1FF76116AE1DA3007EF958 /* TheReturnBtn.png */,
				CB1FF74F16AE1D51007EF958 /* iOS-Background.png */,
				CB1FF75F16AE1D9B007EF958 /* TheRecordBtn.png */,
				CB1FF75716AE1D7A007EF958 /* TheCameraBtn-Normal.png */,
				CB1FF75B16AE1D8C007EF958 /* TheMenuBtn.png */,
				CB1FF75516AE1D73007EF958 /* TheBrightnessUpBtn.png */,
				CB1FF75D16AE1D93007EF958 /* ThePlayBackBtn.png */,
				CB1FF75916AE1D81007EF958 /* TheLockBtn.png */,
				CB1FF75116AE1D5D007EF958 /* Img_IPCamera.png */,
				20954C6F16A8EAB0003D9C39 /* play_back.png */,
				20954C6916A8E5AC003D9C39 /* rec.png */,
				20954C7116A8EAF4003D9C39 /* screen_lock.png */,
				20954C6516A8E2DB003D9C39 /* menu.png */,
				CB1FF74C16AE1D34007EF958 /* 1024x768_iOS-Background.png */,
				20954C6716A8E47F003D9C39 /* camera.png */,
				20D0B0EB16A7C558000D06C7 /* streamingVideo-Info.plist */,
				20D0B0EC16A7C558000D06C7 /* InfoPlist.strings */,
				20954C6216A8DF6F003D9C39 /* zoom.png */,
				20D0B0EF16A7C558000D06C7 /* main.m */,
				20D0B0F116A7C558000D06C7 /* streamingVideo-Prefix.pch */,
				20D0B0F516A7C558000D06C7 /* Default.png */,
				20D0B0F716A7C558000D06C7 /* Default@2x.png */,
				20D0B0F916A7C558000D06C7 /* Default-568h@2x.png */,
			);
			name = "Supporting Files";
			sourceTree = "<group>";
		};
		20D0B10D16A7C558000D06C7 /* streamingVideoTests */ = {
			isa = PBXGroup;
			children = (
				20D0B11316A7C558000D06C7 /* streamingVideoTests.h */,
				20D0B11416A7C558000D06C7 /* streamingVideoTests.m */,
				20D0B10E16A7C558000D06C7 /* Supporting Files */,
			);
			path = streamingVideoTests;
			sourceTree = "<group>";
		};
		20D0B10E16A7C558000D06C7 /* Supporting Files */ = {
			isa = PBXGroup;
			children = (
				20D0B10F16A7C558000D06C7 /* streamingVideoTests-Info.plist */,
				20D0B11016A7C558000D06C7 /* InfoPlist.strings */,
			);
			name = "Supporting Files";
			sourceTree = "<group>";
		};
/* End PBXGroup section */

/* Begin PBXNativeTarget section */
		20D0B0DE16A7C558000D06C7 /* streamingVideo */ = {
			isa = PBXNativeTarget;
			buildConfigurationList = 20D0B11816A7C558000D06C7 /* Build configuration list for PBXNativeTarget "streamingVideo" */;
			buildPhases = (
				20D0B0DB16A7C558000D06C7 /* Sources */,
				20D0B0DC16A7C558000D06C7 /* Frameworks */,
				20D0B0DD16A7C558000D06C7 /* Resources */,
			);
			buildRules = (
			);
			dependencies = (
			);
			name = streamingVideo;
			productName = streamingVideo;
			productReference = 20D0B0DF16A7C558000D06C7 /* streamingVideo.app */;
			productType = "com.apple.product-type.application";
		};
		20D0B10516A7C558000D06C7 /* streamingVideoTests */ = {
			isa = PBXNativeTarget;
			buildConfigurationList = 20D0B11B16A7C558000D06C7 /* Build configuration list for PBXNativeTarget "streamingVideoTests" */;
			buildPhases = (
				20D0B10116A7C558000D06C7 /* Sources */,
				20D0B10216A7C558000D06C7 /* Frameworks */,
				20D0B10316A7C558000D06C7 /* Resources */,
				20D0B10416A7C558000D06C7 /* ShellScript */,
			);
			buildRules = (
			);
			dependencies = (
				20D0B10C16A7C558000D06C7 /* PBXTargetDependency */,
			);
			name = streamingVideoTests;
			productName = streamingVideoTests;
			productReference = 20D0B10616A7C558000D06C7 /* streamingVideoTests.octest */;
			productType = "com.apple.product-type.bundle";
		};
/* End PBXNativeTarget section */

/* Begin PBXProject section */
		20D0B0D616A7C558000D06C7 /* Project object */ = {
			isa = PBXProject;
			attributes = {
				LastUpgradeCheck = 0450;
				ORGANIZATIONNAME = opcom;
			};
			buildConfigurationList = 20D0B0D916A7C558000D06C7 /* Build configuration list for PBXProject "streamingVideo" */;
			compatibilityVersion = "Xcode 3.2";
			developmentRegion = English;
			hasScannedForEncodings = 0;
			knownRegions = (
				en,
			);
			mainGroup = 20D0B0D416A7C558000D06C7;
			productRefGroup = 20D0B0E016A7C558000D06C7 /* Products */;
			projectDirPath = "";
			projectRoot = "";
			targets = (
				20D0B0DE16A7C558000D06C7 /* streamingVideo */,
				20D0B10516A7C558000D06C7 /* streamingVideoTests */,
			);
		};
/* End PBXProject section */

/* Begin PBXResourcesBuildPhase section */
		20D0B0DD16A7C558000D06C7 /* Resources */ = {
			isa = PBXResourcesBuildPhase;
			buildActionMask = 2147483647;
			files = (
				20D0B0EE16A7C558000D06C7 /* InfoPlist.strings in Resources */,
				20D0B0F616A7C558000D06C7 /* Default.png in Resources */,
				20D0B0F816A7C558000D06C7 /* Default@2x.png in Resources */,
				20D0B0FA16A7C558000D06C7 /* Default-568h@2x.png in Resources */,
				20D0B0FD16A7C558000D06C7 /* MainStoryboard.storyboard in Resources */,
				20954C6316A8DF6F003D9C39 /* zoom.png in Resources */,
				20954C6616A8E2DB003D9C39 /* menu.png in Resources */,
				20954C6816A8E47F003D9C39 /* camera.png in Resources */,
				20954C6A16A8E5AC003D9C39 /* rec.png in Resources */,
				20954C6C16A8E9B1003D9C39 /* brigthness_add.png in Resources */,
				20954C6E16A8EA4C003D9C39 /* brigthness_down.png in Resources */,
				20954C7016A8EAB0003D9C39 /* play_back.png in Resources */,
				20954C7216A8EAF4003D9C39 /* screen_lock.png in Resources */,
				CB2BC96D16AA8A80008DA0F9 /* wifi_logo.png in Resources */,
				CBE4D30516AC30C3001B3927 /* MenuViewController.xib in Resources */,
				CBE4D30816AC381E001B3927 /* bk2menuBtn.png in Resources */,
				CB1FF74D16AE1D34007EF958 /* 1024x768_iOS-Background.png in Resources */,
				CB1FF75016AE1D51007EF958 /* iOS-Background.png in Resources */,
				CB1FF75216AE1D5D007EF958 /* Img_IPCamera.png in Resources */,
				CB1FF75416AE1D6C007EF958 /* TheBrightnessDownBtn.png in Resources */,
				CB1FF75616AE1D73007EF958 /* TheBrightnessUpBtn.png in Resources */,
				CB1FF75816AE1D7A007EF958 /* TheCameraBtn-Normal.png in Resources */,
				CB1FF75A16AE1D81007EF958 /* TheLockBtn.png in Resources */,
				CB1FF75C16AE1D8C007EF958 /* TheMenuBtn.png in Resources */,
				CB1FF75E16AE1D93007EF958 /* ThePlayBackBtn.png in Resources */,
				CB1FF76016AE1D9B007EF958 /* TheRecordBtn.png in Resources */,
				CB1FF76216AE1DA3007EF958 /* TheReturnBtn.png in Resources */,
				20C9D8AB16AE349C00D39021 /* Img_IPCamera_GreenBG.png in Resources */,
				20F4E27A16AE62C10077CE31 /* WiFiSettingViewController.xib in Resources */,
				20F4E28516AE6DD80077CE31 /* TheUpBtn.png in Resources */,
				20F4E28816AE6DEE0077CE31 /* TheOKBtn.png in Resources */,
				20F4E28A16AE6E0A0077CE31 /* TheDownBtn.png in Resources */,
				20F4E2A316AEA3900077CE31 /* HomeMenuVideoSettingViewController.xib in Resources */,
				20F4E2B516AEB8540077CE31 /* HomeMenuVideoModeViewController.xib in Resources */,
				20D974BE16AF866400B1F400 /* NewHomeMenuVideoModeViewController.xib in Resources */,
			);
			runOnlyForDeploymentPostprocessing = 0;
		};
		20D0B10316A7C558000D06C7 /* Resources */ = {
			isa = PBXResourcesBuildPhase;
			buildActionMask = 2147483647;
			files = (
				20D0B11216A7C558000D06C7 /* InfoPlist.strings in Resources */,
			);
			runOnlyForDeploymentPostprocessing = 0;
		};
/* End PBXResourcesBuildPhase section */

/* Begin PBXShellScriptBuildPhase section */
		20D0B10416A7C558000D06C7 /* ShellScript */ = {
			isa = PBXShellScriptBuildPhase;
			buildActionMask = 2147483647;
			files = (
			);
			inputPaths = (
			);
			outputPaths = (
			);
			runOnlyForDeploymentPostprocessing = 0;
			shellPath = /bin/sh;
			shellScript = "# Run the unit tests in this test bundle.\n\"${SYSTEM_DEVELOPER_DIR}/Tools/RunUnitTests\"\n";
		};
/* End PBXShellScriptBuildPhase section */

/* Begin PBXSourcesBuildPhase section */
		20D0B0DB16A7C558000D06C7 /* Sources */ = {
			isa = PBXSourcesBuildPhase;
			buildActionMask = 2147483647;
			files = (
				20D0B0F016A7C558000D06C7 /* main.m in Sources */,
				20D0B0F416A7C558000D06C7 /* AppDelegate.m in Sources */,
				20D0B10016A7C558000D06C7 /* ViewController.m in Sources */,
				CBE4D30416AC30C3001B3927 /* MenuViewController.m in Sources */,
				20F4E27916AE62C10077CE31 /* WiFiSettingViewController.m in Sources */,
				20F4E2A216AEA3900077CE31 /* HomeMenuVideoSettingViewController.m in Sources */,
				20F4E2B416AEB8540077CE31 /* HomeMenuVideoModeViewController.m in Sources */,
				20D974BD16AF866400B1F400 /* NewHomeMenuVideoModeViewController.m in Sources */,
			);
			runOnlyForDeploymentPostprocessing = 0;
		};
		20D0B10116A7C558000D06C7 /* Sources */ = {
			isa = PBXSourcesBuildPhase;
			buildActionMask = 2147483647;
			files = (
				20D0B11516A7C558000D06C7 /* streamingVideoTests.m in Sources */,
			);
			runOnlyForDeploymentPostprocessing = 0;
		};
/* End PBXSourcesBuildPhase section */

/* Begin PBXTargetDependency section */
		20D0B10C16A7C558000D06C7 /* PBXTargetDependency */ = {
			isa = PBXTargetDependency;
			target = 20D0B0DE16A7C558000D06C7 /* streamingVideo */;
			targetProxy = 20D0B10B16A7C558000D06C7 /* PBXContainerItemProxy */;
		};
/* End PBXTargetDependency section */

/* Begin PBXVariantGroup section */
		20D0B0EC16A7C558000D06C7 /* InfoPlist.strings */ = {
			isa = PBXVariantGroup;
			children = (
				20D0B0ED16A7C558000D06C7 /* en */,
			);
			name = InfoPlist.strings;
			sourceTree = "<group>";
		};
		20D0B0FB16A7C558000D06C7 /* MainStoryboard.storyboard */ = {
			isa = PBXVariantGroup;
			children = (
				20D0B0FC16A7C558000D06C7 /* en */,
			);
			name = MainStoryboard.storyboard;
			sourceTree = "<group>";
		};
		20D0B11016A7C558000D06C7 /* InfoPlist.strings */ = {
			isa = PBXVariantGroup;
			children = (
				20D0B11116A7C558000D06C7 /* en */,
			);
			name = InfoPlist.strings;
			sourceTree = "<group>";
		};
/* End PBXVariantGroup section */

/* Begin XCBuildConfiguration section */
		20D0B11616A7C558000D06C7 /* Debug */ = {
			isa = XCBuildConfiguration;
			buildSettings = {
				ALWAYS_SEARCH_USER_PATHS = NO;
				CLANG_CXX_LANGUAGE_STANDARD = "gnu++0x";
				CLANG_CXX_LIBRARY = "libc++";
				CLANG_ENABLE_OBJC_ARC = YES;
				CLANG_WARN_EMPTY_BODY = YES;
				CLANG_WARN__DUPLICATE_METHOD_MATCH = YES;
				"CODE_SIGN_IDENTITY[sdk=iphoneos*]" = "iPhone Developer";
				COPY_PHASE_STRIP = NO;
				GCC_C_LANGUAGE_STANDARD = gnu99;
				GCC_DYNAMIC_NO_PIC = NO;
				GCC_OPTIMIZATION_LEVEL = 0;
				GCC_PREPROCESSOR_DEFINITIONS = (
					"DEBUG=1",
					"$(inherited)",
				);
				GCC_SYMBOLS_PRIVATE_EXTERN = NO;
				GCC_WARN_ABOUT_RETURN_TYPE = YES;
				GCC_WARN_UNINITIALIZED_AUTOS = YES;
				GCC_WARN_UNUSED_VARIABLE = YES;
				IPHONEOS_DEPLOYMENT_TARGET = 6.0;
				ONLY_ACTIVE_ARCH = YES;
				SDKROOT = iphoneos;
				TARGETED_DEVICE_FAMILY = 2;
			};
			name = Debug;
		};
		20D0B11716A7C558000D06C7 /* Release */ = {
			isa = XCBuildConfiguration;
			buildSettings = {
				ALWAYS_SEARCH_USER_PATHS = NO;
				CLANG_CXX_LANGUAGE_STANDARD = "gnu++0x";
				CLANG_CXX_LIBRARY = "libc++";
				CLANG_ENABLE_OBJC_ARC = YES;
				CLANG_WARN_EMPTY_BODY = YES;
				CLANG_WARN__DUPLICATE_METHOD_MATCH = YES;
				"CODE_SIGN_IDENTITY[sdk=iphoneos*]" = "iPhone Developer";
				COPY_PHASE_STRIP = YES;
				GCC_C_LANGUAGE_STANDARD = gnu99;
				GCC_WARN_ABOUT_RETURN_TYPE = YES;
				GCC_WARN_UNINITIALIZED_AUTOS = YES;
				GCC_WARN_UNUSED_VARIABLE = YES;
				IPHONEOS_DEPLOYMENT_TARGET = 6.0;
				OTHER_CFLAGS = "-DNS_BLOCK_ASSERTIONS=1";
				SDKROOT = iphoneos;
				TARGETED_DEVICE_FAMILY = 2;
				VALIDATE_PRODUCT = YES;
			};
			name = Release;
		};
		20D0B11916A7C558000D06C7 /* Debug */ = {
			isa = XCBuildConfiguration;
			buildSettings = {
				GCC_PRECOMPILE_PREFIX_HEADER = YES;
				GCC_PREFIX_HEADER = "streamingVideo/streamingVideo-Prefix.pch";
				INFOPLIST_FILE = "streamingVideo/streamingVideo-Info.plist";
				PRODUCT_NAME = "$(TARGET_NAME)";
				WRAPPER_EXTENSION = app;
			};
			name = Debug;
		};
		20D0B11A16A7C558000D06C7 /* Release */ = {
			isa = XCBuildConfiguration;
			buildSettings = {
				GCC_PRECOMPILE_PREFIX_HEADER = YES;
				GCC_PREFIX_HEADER = "streamingVideo/streamingVideo-Prefix.pch";
				INFOPLIST_FILE = "streamingVideo/streamingVideo-Info.plist";
				PRODUCT_NAME = "$(TARGET_NAME)";
				WRAPPER_EXTENSION = app;
			};
			name = Release;
		};
		20D0B11C16A7C558000D06C7 /* Debug */ = {
			isa = XCBuildConfiguration;
			buildSettings = {
				BUNDLE_LOADER = "$(BUILT_PRODUCTS_DIR)/streamingVideo.app/streamingVideo";
				FRAMEWORK_SEARCH_PATHS = (
					"\"$(SDKROOT)/Developer/Library/Frameworks\"",
					"\"$(DEVELOPER_LIBRARY_DIR)/Frameworks\"",
				);
				GCC_PRECOMPILE_PREFIX_HEADER = YES;
				GCC_PREFIX_HEADER = "streamingVideo/streamingVideo-Prefix.pch";
				INFOPLIST_FILE = "streamingVideoTests/streamingVideoTests-Info.plist";
				PRODUCT_NAME = "$(TARGET_NAME)";
				TEST_HOST = "$(BUNDLE_LOADER)";
				WRAPPER_EXTENSION = octest;
			};
			name = Debug;
		};
		20D0B11D16A7C558000D06C7 /* Release */ = {
			isa = XCBuildConfiguration;
			buildSettings = {
				BUNDLE_LOADER = "$(BUILT_PRODUCTS_DIR)/streamingVideo.app/streamingVideo";
				FRAMEWORK_SEARCH_PATHS = (
					"\"$(SDKROOT)/Developer/Library/Frameworks\"",
					"\"$(DEVELOPER_LIBRARY_DIR)/Frameworks\"",
				);
				GCC_PRECOMPILE_PREFIX_HEADER = YES;
				GCC_PREFIX_HEADER = "streamingVideo/streamingVideo-Prefix.pch";
				INFOPLIST_FILE = "streamingVideoTests/streamingVideoTests-Info.plist";
				PRODUCT_NAME = "$(TARGET_NAME)";
				TEST_HOST = "$(BUNDLE_LOADER)";
				WRAPPER_EXTENSION = octest;
			};
			name = Release;
		};
/* End XCBuildConfiguration section */

/* Begin XCConfigurationList section */
		20D0B0D916A7C558000D06C7 /* Build configuration list for PBXProject "streamingVideo" */ = {
			isa = XCConfigurationList;
			buildConfigurations = (
				20D0B11616A7C558000D06C7 /* Debug */,
				20D0B11716A7C558000D06C7 /* Release */,
			);
			defaultConfigurationIsVisible = 0;
			defaultConfigurationName = Release;
		};
		20D0B11816A7C558000D06C7 /* Build configuration list for PBXNativeTarget "streamingVideo" */ = {
			isa = XCConfigurationList;
			buildConfigurations = (
				20D0B11916A7C558000D06C7 /* Debug */,
				20D0B11A16A7C558000D06C7 /* Release */,
			);
			defaultConfigurationIsVisible = 0;
			defaultConfigurationName = Release;
		};
		20D0B11B16A7C558000D06C7 /* Build configuration list for PBXNativeTarget "streamingVideoTests" */ = {
			isa = XCConfigurationList;
			buildConfigurations = (
				20D0B11C16A7C558000D06C7 /* Debug */,
				20D0B11D16A7C558000D06C7 /* Release */,
			);
			defaultConfigurationIsVisible = 0;
			defaultConfigurationName = Release;
		};
/* End XCConfigurationList section */
	};
	rootObject = 20D0B0D616A7C558000D06C7 /* Project object */;
}
